
Microsoft Visual Studio Solution File, Format Version 12.00
# Visual Studio 2012
Project("{FAE04EC0-301F-11D3-BF4B-00C04F79EFBC}") = "StudyMVC4", "StudyMVC4\StudyMVC4.csproj", "{AAC2381B-ACEE-415D-92E4-1439EC71C748}"
EndProject
Global
	GlobalSection(SolutionConfigurationPlatforms) = preSolution
		Debug|Any CPU = Debug|Any CPU
		Release|Any CPU = Release|Any CPU
	EndGlobalSection
	GlobalSection(ProjectConfigurationPlatforms) = postSolution
		{AAC2381B-ACEE-415D-92E4-1439EC71C748}.Debug|Any CPU.ActiveCfg = Debug|Any CPU
		{AAC2381B-ACEE-415D-92E4-1439EC71C748}.Debug|Any CPU.Build.0 = Debug|Any CPU
		{AAC2381B-ACEE-415D-92E4-1439EC71C748}.Release|Any CPU.ActiveCfg = Release|Any CPU
		{AAC2381B-ACEE-415D-92E4-1439EC71C748}.Release|Any CPU.Build.0 = Release|Any CPU
	EndGlobalSection
	GlobalSection(SolutionProperties) = preSolution
		HideSolutionNode = FALSE
	EndGlobalSection
EndGlobal
